
Microsoft Visual Studio Solution File, Format Version 12.00
# Visual Studio Version 17
VisualStudioVersion = 17.4.33122.133
MinimumVisualStudioVersion = 10.0.40219.1
Project("{FAE04EC0-301F-11D3-BF4B-00C04F79EFBC}") = "PatientManagementSystem", "HospitalManagemetSystem\PatientManagementSystem.csproj", "{4503B777-CF87-4AC7-B54E-7DB4E4228505}"
EndProject
Global
	GlobalSection(SolutionConfigurationPlatforms) = preSolution
		Debug|Any CPU = Debug|Any CPU
		Release|Any CPU = Release|Any CPU
	EndGlobalSection
	GlobalSection(ProjectConfigurationPlatforms) = postSolution
		{4503B777-CF87-4AC7-B54E-7DB4E4228505}.Debug|Any CPU.ActiveCfg = Debug|Any CPU
		{4503B777-CF87-4AC7-B54E-7DB4E4228505}.Debug|Any CPU.Build.0 = Debug|Any CPU
		{4503B777-CF87-4AC7-B54E-7DB4E4228505}.Release|Any CPU.ActiveCfg = Release|Any CPU
		{4503B777-CF87-4AC7-B54E-7DB4E4228505}.Release|Any CPU.Build.0 = Release|Any CPU
	EndGlobalSection
	GlobalSection(SolutionProperties) = preSolution
		HideSolutionNode = FALSE
	EndGlobalSection
	GlobalSection(ExtensibilityGlobals) = postSolution
		SolutionGuid = {054A396D-CFA6-4E90-92BF-178B78DC03E9}
	EndGlobalSection
EndGlobal
